
Microsoft Visual Studio Solution File, Format Version 12.00
# Visual Studio 2012
Project("{8BC9CEB8-8B4A-11D0-8D11-00A0C91BC942}") = "ScratchPad", "ScratchPad\ScratchPad.vcxproj", "{CE77D54C-96F7-48E4-BE71-EE9E31BD7C99}"
EndProject
Global
	GlobalSection(SolutionConfigurationPlatforms) = preSolution
		Debug|Win32 = Debug|Win32
		Release|Win32 = Release|Win32
	EndGlobalSection
	GlobalSection(ProjectConfigurationPlatforms) = postSolution
		{CE77D54C-96F7-48E4-BE71-EE9E31BD7C99}.Debug|Win32.ActiveCfg = Debug|Win32
		{CE77D54C-96F7-48E4-BE71-EE9E31BD7C99}.Debug|Win32.Build.0 = Debug|Win32
		{CE77D54C-96F7-48E4-BE71-EE9E31BD7C99}.Release|Win32.ActiveCfg = Release|Win32
		{CE77D54C-96F7-48E4-BE71-EE9E31BD7C99}.Release|Win32.Build.0 = Release|Win32
	EndGlobalSection
	GlobalSection(SolutionProperties) = preSolution
		HideSolutionNode = FALSE
	EndGlobalSection
EndGlobal
